
Microsoft Visual Studio Solution File, Format Version 12.00
# Visual Studio 15
VisualStudioVersion = 15.0.27004.2010
MinimumVisualStudioVersion = 10.0.40219.1
Project("{FAE04EC0-301F-11D3-BF4B-00C04F79EFBC}") = "Homework", "Homework\Homework.csproj", "{C79C768E-7938-4D95-BE0D-193BA35A7FAE}"
EndProject
Global
	GlobalSection(SolutionConfigurationPlatforms) = preSolution
		Debug|Any CPU = Debug|Any CPU
		Release|Any CPU = Release|Any CPU
	EndGlobalSection
	GlobalSection(ProjectConfigurationPlatforms) = postSolution
		{C79C768E-7938-4D95-BE0D-193BA35A7FAE}.Debug|Any CPU.ActiveCfg = Debug|Any CPU
		{C79C768E-7938-4D95-BE0D-193BA35A7FAE}.Debug|Any CPU.Build.0 = Debug|Any CPU
		{C79C768E-7938-4D95-BE0D-193BA35A7FAE}.Release|Any CPU.ActiveCfg = Release|Any CPU
		{C79C768E-7938-4D95-BE0D-193BA35A7FAE}.Release|Any CPU.Build.0 = Release|Any CPU
	EndGlobalSection
	GlobalSection(SolutionProperties) = preSolution
		HideSolutionNode = FALSE
	EndGlobalSection
	GlobalSection(ExtensibilityGlobals) = postSolution
		SolutionGuid = {926D17C6-5F80-465A-86C2-F0F41F3830C8}
	EndGlobalSection
EndGlobal
